<?xml version="1.0" encoding="utf-8"?>
<Project ToolsVersion="4.0" xmlns="http://schemas.microsoft.com/developer/msbuild/2003">
  <ItemGroup>
    <Filter Include="Source Files">
      <UniqueIdentifier>{4FC737F1-C7A5-4376-A066-2A32D752A2FF}</UniqueIdentifier>
      <Extensions>cpp;c;cc;cxx;c++;cppm;ixx;def;odl;idl;hpj;bat;asm;asmx</Extensions>
    </Filter>
    <Filter Include="Header Files">
      <UniqueIdentifier>{93995380-89BD-4b04-88EB-625FBE52EBFB}</UniqueIdentifier>
      <Extensions>h;hh;hpp;hxx;h++;hm;inl;inc;ipp;xsd</Extensions>
    </Filter>
    <Filter Include="Resource Files">
      <UniqueIdentifier>{67DA6AB6-F800-4c08-8B7A-83BB121AAD01}</UniqueIdentifier>
      <Extensions>rc;ico;cur;bmp;dlg;rc2;rct;bin;rgs;gif;jpg;jpeg;jpe;resx;tiff;tif;png;wav;mfcribbon-ms</Extensions>
    </Filter>
    <Filter Include="Source Files\Tests_game_logic">
      <UniqueIdentifier>{ca376757-dce6-4a50-94d1-39127ca1249b}</UniqueIdentifier>
    </Filter>
    <Filter Include="Source Files\GameLogicSources">
      <UniqueIdentifier>{9160a10a-fd1f-48af-a0aa-bf1ba5a2d3ab}</UniqueIdentifier>
    </Filter>
    <Filter Include="Source Files\GameLogicSources\LogicaServer">
      <UniqueIdentifier>{c47dd3c1-8f64-4c5e-99fc-32f58091bca4}</UniqueIdentifier>
    </Filter>
    <Filter Include="Source Files\GameLogicSources\LogicaJoc">
      <UniqueIdentifier>{5887dd10-ea56-4bc2-ba51-4e165068851a}</UniqueIdentifier>
    </Filter>
    <Filter Include="Source Files\GameLogicSources\Utilitare">
      <UniqueIdentifier>{e1fd6006-81d7-4b39-b966-101ed55efc28}</UniqueIdentifier>
    </Filter>
  </ItemGroup>
  <ItemGroup>
    <ClCompile Include="DrawPileTests.cpp">
      <Filter>Source Files\Tests_game_logic</Filter>
    </ClCompile>
    <ClCompile Include="GameTests.cpp">
      <Filter>Source Files\Tests_game_logic</Filter>
    </ClCompile>
    <ClCompile Include="PlayerTests.cpp">
      <Filter>Source Files\Tests_game_logic</Filter>
    </ClCompile>
    <ClCompile Include="PlayPilesTests.cpp">
      <Filter>Source Files\Tests_game_logic</Filter>
    </ClCompile>
    <ClCompile Include="..\Server\TheGame\BinaryGameService.cpp">
      <Filter>Source Files\GameLogicSources\LogicaServer</Filter>
    </ClCompile>
    <ClCompile Include="..\Server\TheGame\MATCHSERVICE.CPP">
      <Filter>Source Files\GameLogicSources\LogicaServer</Filter>
    </ClCompile>
    <ClCompile Include="..\Server\TheGame\UserService.cpp">
      <Filter>Source Files\GameLogicSources\LogicaServer</Filter>
    </ClCompile>
    <ClCompile Include="..\Server\TheGame\Card.cpp">
      <Filter>Source Files\GameLogicSources\LogicaJoc</Filter>
    </ClCompile>
    <ClCompile Include="CardTests.cpp">
      <Filter>Source Files\GameLogicSources\LogicaJoc</Filter>
    </ClCompile>
    <ClCompile Include="..\Server\TheGame\DrawPile.cpp">
      <Filter>Source Files\GameLogicSources\LogicaJoc</Filter>
    </ClCompile>
    <ClCompile Include="..\Server\TheGame\Game.cpp">
      <Filter>Source Files\GameLogicSources\LogicaJoc</Filter>
    </ClCompile>
    <ClCompile Include="..\Server\TheGame\Player.cpp">
      <Filter>Source Files\GameLogicSources\LogicaJoc</Filter>
    </ClCompile>
    <ClCompile Include="..\Server\TheGame\PlayPiles.cpp">
      <Filter>Source Files\GameLogicSources\LogicaJoc</Filter>
    </ClCompile>
    <ClCompile Include="..\Server\TheGame\GameProtocol.pb.cc">
      <Filter>Source Files\GameLogicSources\LogicaServer</Filter>
    </ClCompile>
    <ClCompile Include="BinaryGameServiceTests.cpp">
      <Filter>Source Files\Tests_game_logic</Filter>
    </ClCompile>
    <ClCompile Include="UserServiceTests.cpp">
      <Filter>Source Files\Tests_game_logic</Filter>
    </ClCompile>
    <ClCompile Include="MatchServiceTests.cpp">
      <Filter>Source Files\Tests_game_logic</Filter>
    </ClCompile>
    <ClCompile Include="..\googletest-1.17.0\googletest-1.17.0\googletest\src\gtest_main.cc">
      <Filter>Source Files\GameLogicSources\Utilitare</Filter>
    </ClCompile>
    <ClCompile Include="..\googletest-1.17.0\googletest-1.17.0\googletest\src\gtest-all.cc">
      <Filter>Source Files\GameLogicSources\Utilitare</Filter>
    </ClCompile>
  </ItemGroup>
</Project>