
Microsoft Visual Studio Solution File, Format Version 12.00
# Visual Studio Version 17
VisualStudioVersion = 17.14.36518.9
MinimumVisualStudioVersion = 10.0.40219.1
Project("{8BC9CEB8-8B4A-11D0-8D11-00A0C91BC942}") = "Server", "TheGame\TheGame.vcxproj", "{BD1EBCAC-F8F0-46B3-A033-54722BFBD27C}"
EndProject
Project("{8BC9CEB8-8B4A-11D0-8D11-00A0C91BC942}") = "Client", "..\Client\Client.vcxproj", "{F3798107-FB46-348F-BC2F-BEA104D8B00A}"
EndProject
Project("{8BC9CEB8-8B4A-11D0-8D11-00A0C91BC942}") = "TheGameTests", "..\TheGameTests\TheGameTests.vcxproj", "{446E9AA0-3802-49EB-B03A-2CB892BB58D8}"
EndProject
Global
	GlobalSection(SolutionConfigurationPlatforms) = preSolution
		Debug|x64 = Debug|x64
		Debug|x86 = Debug|x86
		Release|x64 = Release|x64
		Release|x86 = Release|x86
	EndGlobalSection
	GlobalSection(ProjectConfigurationPlatforms) = postSolution
		{BD1EBCAC-F8F0-46B3-A033-54722BFBD27C}.Debug|x64.ActiveCfg = Debug|x64
		{BD1EBCAC-F8F0-46B3-A033-54722BFBD27C}.Debug|x64.Build.0 = Debug|x64
		{BD1EBCAC-F8F0-46B3-A033-54722BFBD27C}.Debug|x86.ActiveCfg = Debug|Win32
		{BD1EBCAC-F8F0-46B3-A033-54722BFBD27C}.Debug|x86.Build.0 = Debug|Win32
		{BD1EBCAC-F8F0-46B3-A033-54722BFBD27C}.Release|x64.ActiveCfg = Release|x64
		{BD1EBCAC-F8F0-46B3-A033-54722BFBD27C}.Release|x64.Build.0 = Release|x64
		{BD1EBCAC-F8F0-46B3-A033-54722BFBD27C}.Release|x86.ActiveCfg = Release|Win32
		{BD1EBCAC-F8F0-46B3-A033-54722BFBD27C}.Release|x86.Build.0 = Release|Win32
		{F3798107-FB46-348F-BC2F-BEA104D8B00A}.Debug|x64.ActiveCfg = Debug|x64
		{F3798107-FB46-348F-BC2F-BEA104D8B00A}.Debug|x64.Build.0 = Debug|x64
		{F3798107-FB46-348F-BC2F-BEA104D8B00A}.Debug|x86.ActiveCfg = Debug|x64
		{F3798107-FB46-348F-BC2F-BEA104D8B00A}.Debug|x86.Build.0 = Debug|x64
		{F3798107-FB46-348F-BC2F-BEA104D8B00A}.Release|x64.ActiveCfg = Release|x64
		{F3798107-FB46-348F-BC2F-BEA104D8B00A}.Release|x64.Build.0 = Release|x64
		{F3798107-FB46-348F-BC2F-BEA104D8B00A}.Release|x86.ActiveCfg = Release|x64
		{F3798107-FB46-348F-BC2F-BEA104D8B00A}.Release|x86.Build.0 = Release|x64
		{446E9AA0-3802-49EB-B03A-2CB892BB58D8}.Debug|x64.ActiveCfg = Debug|x64
		{446E9AA0-3802-49EB-B03A-2CB892BB58D8}.Debug|x64.Build.0 = Debug|x64
		{446E9AA0-3802-49EB-B03A-2CB892BB58D8}.Debug|x86.ActiveCfg = Debug|Win32
		{446E9AA0-3802-49EB-B03A-2CB892BB58D8}.Debug|x86.Build.0 = Debug|Win32
		{446E9AA0-3802-49EB-B03A-2CB892BB58D8}.Release|x64.ActiveCfg = Release|x64
		{446E9AA0-3802-49EB-B03A-2CB892BB58D8}.Release|x64.Build.0 = Release|x64
		{446E9AA0-3802-49EB-B03A-2CB892BB58D8}.Release|x86.ActiveCfg = Release|Win32
		{446E9AA0-3802-49EB-B03A-2CB892BB58D8}.Release|x86.Build.0 = Release|Win32
	EndGlobalSection
	GlobalSection(SolutionProperties) = preSolution
		HideSolutionNode = FALSE
	EndGlobalSection
	GlobalSection(ExtensibilityGlobals) = postSolution
		SolutionGuid = {AFAF555C-CD15-4AD2-8C26-AF3EC23406AA}
	EndGlobalSection
EndGlobal
